// !$*UTF8*$!
{
	archiveVersion = 1;
	classes = {
	};
	objectVersion = 46;
	objects = {

/* Begin PBXBuildFile section */
		6617C1AF1DC198DD0030CCDD /* light.jpg in Resources */ = {isa = PBXBuildFile; fileRef = 6617C1AE1DC198DD0030CCDD /* light.jpg */; };
		6666580E1DADDAE40031BB7C /* main.m in Sources */ = {isa = PBXBuildFile; fileRef = 6666580D1DADDAE40031BB7C /* main.m */; };
		666658111DADDAE40031BB7C /* AppDelegate.m in Sources */ = {isa = PBXBuildFile; fileRef = 666658101DADDAE40031BB7C /* AppDelegate.m */; };
		666658141DADDAE40031BB7C /* ViewController.m in Sources */ = {isa = PBXBuildFile; fileRef = 666658131DADDAE40031BB7C /* ViewController.m */; };
		666658171DADDAE40031BB7C /* Main.storyboard in Resources */ = {isa = PBXBuildFile; fileRef = 666658151DADDAE40031BB7C /* Main.storyboard */; };
		666658191DADDAE40031BB7C /* Assets.xcassets in Resources */ = {isa = PBXBuildFile; fileRef = 666658181DADDAE40031BB7C /* Assets.xcassets */; };
		6666581C1DADDAE40031BB7C /* LaunchScreen.storyboard in Resources */ = {isa = PBXBuildFile; fileRef = 6666581A1DADDAE40031BB7C /* LaunchScreen.storyboard */; };
		666658501DADDB120031BB7C /* MKAnnotationView+WebCache.m in Sources */ = {isa = PBXBuildFile; fileRef = 666658291DADDB120031BB7C /* MKAnnotationView+WebCache.m */; };
		666658511DADDB120031BB7C /* NSData+ImageContentType.m in Sources */ = {isa = PBXBuildFile; fileRef = 6666582B1DADDB120031BB7C /* NSData+ImageContentType.m */; };
		666658521DADDB120031BB7C /* NSImage+WebCache.m in Sources */ = {isa = PBXBuildFile; fileRef = 6666582D1DADDB120031BB7C /* NSImage+WebCache.m */; };
		666658531DADDB120031BB7C /* SDImageCache.m in Sources */ = {isa = PBXBuildFile; fileRef = 6666582F1DADDB120031BB7C /* SDImageCache.m */; };
		666658541DADDB120031BB7C /* SDImageCacheConfig.m in Sources */ = {isa = PBXBuildFile; fileRef = 666658311DADDB120031BB7C /* SDImageCacheConfig.m */; };
		666658551DADDB120031BB7C /* SDWebImageCompat.m in Sources */ = {isa = PBXBuildFile; fileRef = 666658331DADDB120031BB7C /* SDWebImageCompat.m */; };
		666658561DADDB120031BB7C /* SDWebImageDecoder.m in Sources */ = {isa = PBXBuildFile; fileRef = 666658351DADDB120031BB7C /* SDWebImageDecoder.m */; };
		666658571DADDB120031BB7C /* SDWebImageDownloader.m in Sources */ = {isa = PBXBuildFile; fileRef = 666658371DADDB120031BB7C /* SDWebImageDownloader.m */; };
		666658581DADDB120031BB7C /* SDWebImageDownloaderOperation.m in Sources */ = {isa = PBXBuildFile; fileRef = 666658391DADDB120031BB7C /* SDWebImageDownloaderOperation.m */; };
		666658591DADDB120031BB7C /* SDWebImageManager.m in Sources */ = {isa = PBXBuildFile; fileRef = 6666583B1DADDB120031BB7C /* SDWebImageManager.m */; };
		6666585A1DADDB120031BB7C /* SDWebImagePrefetcher.m in Sources */ = {isa = PBXBuildFile; fileRef = 6666583E1DADDB120031BB7C /* SDWebImagePrefetcher.m */; };
		6666585B1DADDB120031BB7C /* UIButton+WebCache.m in Sources */ = {isa = PBXBuildFile; fileRef = 666658401DADDB120031BB7C /* UIButton+WebCache.m */; };
		6666585C1DADDB120031BB7C /* UIImage+GIF.m in Sources */ = {isa = PBXBuildFile; fileRef = 666658421DADDB120031BB7C /* UIImage+GIF.m */; };
		6666585D1DADDB120031BB7C /* UIImage+MultiFormat.m in Sources */ = {isa = PBXBuildFile; fileRef = 666658441DADDB120031BB7C /* UIImage+MultiFormat.m */; };
		6666585E1DADDB120031BB7C /* UIImage+WebP.m in Sources */ = {isa = PBXBuildFile; fileRef = 666658461DADDB120031BB7C /* UIImage+WebP.m */; };
		6666585F1DADDB120031BB7C /* UIImageView+HighlightedWebCache.m in Sources */ = {isa = PBXBuildFile; fileRef = 666658481DADDB120031BB7C /* UIImageView+HighlightedWebCache.m */; };
		666658601DADDB120031BB7C /* UIImageView+WebCache.m in Sources */ = {isa = PBXBuildFile; fileRef = 6666584A1DADDB120031BB7C /* UIImageView+WebCache.m */; };
		666658611DADDB120031BB7C /* UIView+WebCache.m in Sources */ = {isa = PBXBuildFile; fileRef = 6666584C1DADDB120031BB7C /* UIView+WebCache.m */; };
		666658621DADDB120031BB7C /* UIView+WebCacheOperation.m in Sources */ = {isa = PBXBuildFile; fileRef = 6666584E1DADDB120031BB7C /* UIView+WebCacheOperation.m */; };
		6666586D1DADE31F0031BB7C /* 8.jpg in Resources */ = {isa = PBXBuildFile; fileRef = 6666586C1DADE31F0031BB7C /* 8.jpg */; };
		667F23DD1DAF174000D7367B /* SuperClass.m in Sources */ = {isa = PBXBuildFile; fileRef = 667F23DC1DAF174000D7367B /* SuperClass.m */; };
		667F23E01DAF209300D7367B /* Person.m in Sources */ = {isa = PBXBuildFile; fileRef = 667F23DF1DAF209300D7367B /* Person.m */; };
		667F23E31DAF219200D7367B /* Boy.m in Sources */ = {isa = PBXBuildFile; fileRef = 667F23E21DAF219200D7367B /* Boy.m */; };
		667F24081DAF761D00D7367B /* AFHTTPSessionManager.m in Sources */ = {isa = PBXBuildFile; fileRef = 667F23E71DAF761D00D7367B /* AFHTTPSessionManager.m */; };
		667F24091DAF761D00D7367B /* AFNetworkReachabilityManager.m in Sources */ = {isa = PBXBuildFile; fileRef = 667F23EA1DAF761D00D7367B /* AFNetworkReachabilityManager.m */; };
		667F240A1DAF761D00D7367B /* AFSecurityPolicy.m in Sources */ = {isa = PBXBuildFile; fileRef = 667F23EC1DAF761D00D7367B /* AFSecurityPolicy.m */; };
		667F240B1DAF761D00D7367B /* AFURLRequestSerialization.m in Sources */ = {isa = PBXBuildFile; fileRef = 667F23EE1DAF761D00D7367B /* AFURLRequestSerialization.m */; };
		667F240C1DAF761D00D7367B /* AFURLResponseSerialization.m in Sources */ = {isa = PBXBuildFile; fileRef = 667F23F01DAF761D00D7367B /* AFURLResponseSerialization.m */; };
		667F240D1DAF761D00D7367B /* AFURLSessionManager.m in Sources */ = {isa = PBXBuildFile; fileRef = 667F23F21DAF761D00D7367B /* AFURLSessionManager.m */; };
		667F240E1DAF761D00D7367B /* AFAutoPurgingImageCache.m in Sources */ = {isa = PBXBuildFile; fileRef = 667F23F51DAF761D00D7367B /* AFAutoPurgingImageCache.m */; };
		667F240F1DAF761D00D7367B /* AFImageDownloader.m in Sources */ = {isa = PBXBuildFile; fileRef = 667F23F71DAF761D00D7367B /* AFImageDownloader.m */; };
		667F24101DAF761D00D7367B /* AFNetworkActivityIndicatorManager.m in Sources */ = {isa = PBXBuildFile; fileRef = 667F23F91DAF761D00D7367B /* AFNetworkActivityIndicatorManager.m */; };
		667F24111DAF761D00D7367B /* UIActivityIndicatorView+AFNetworking.m in Sources */ = {isa = PBXBuildFile; fileRef = 667F23FB1DAF761D00D7367B /* UIActivityIndicatorView+AFNetworking.m */; };
		667F24121DAF761D00D7367B /* UIButton+AFNetworking.m in Sources */ = {isa = PBXBuildFile; fileRef = 667F23FD1DAF761D00D7367B /* UIButton+AFNetworking.m */; };
		667F24131DAF761D00D7367B /* UIImageView+AFNetworking.m in Sources */ = {isa = PBXBuildFile; fileRef = 667F24001DAF761D00D7367B /* UIImageView+AFNetworking.m */; };
		667F24141DAF761D00D7367B /* UIProgressView+AFNetworking.m in Sources */ = {isa = PBXBuildFile; fileRef = 667F24031DAF761D00D7367B /* UIProgressView+AFNetworking.m */; };
		667F24151DAF761D00D7367B /* UIRefreshControl+AFNetworking.m in Sources */ = {isa = PBXBuildFile; fileRef = 667F24051DAF761D00D7367B /* UIRefreshControl+AFNetworking.m */; };
		667F24161DAF761D00D7367B /* UIWebView+AFNetworking.m in Sources */ = {isa = PBXBuildFile; fileRef = 667F24071DAF761D00D7367B /* UIWebView+AFNetworking.m */; };
/* End PBXBuildFile section */

/* Begin PBXFileReference section */
		6617C1AE1DC198DD0030CCDD /* light.jpg */ = {isa = PBXFileReference; lastKnownFileType = image.jpeg; path = light.jpg; sourceTree = "<group>"; };
		666658091DADDAE40031BB7C /* SourceCode.app */ = {isa = PBXFileReference; explicitFileType = wrapper.application; includeInIndex = 0; path = SourceCode.app; sourceTree = BUILT_PRODUCTS_DIR; };
		6666580D1DADDAE40031BB7C /* main.m */ = {isa = PBXFileReference; lastKnownFileType = sourcecode.c.objc; path = main.m; sourceTree = "<group>"; };
		6666580F1DADDAE40031BB7C /* AppDelegate.h */ = {isa = PBXFileReference; lastKnownFileType = sourcecode.c.h; path = AppDelegate.h; sourceTree = "<group>"; };
		666658101DADDAE40031BB7C /* AppDelegate.m */ = {isa = PBXFileReference; lastKnownFileType = sourcecode.c.objc; path = AppDelegate.m; sourceTree = "<group>"; };
		666658121DADDAE40031BB7C /* ViewController.h */ = {isa = PBXFileReference; lastKnownFileType = sourcecode.c.h; path = ViewController.h; sourceTree = "<group>"; };
		666658131DADDAE40031BB7C /* ViewController.m */ = {isa = PBXFileReference; lastKnownFileType = sourcecode.c.objc; path = ViewController.m; sourceTree = "<group>"; };
		666658161DADDAE40031BB7C /* Base */ = {isa = PBXFileReference; lastKnownFileType = file.storyboard; name = Base; path = Base.lproj/Main.storyboard; sourceTree = "<group>"; };
		666658181DADDAE40031BB7C /* Assets.xcassets */ = {isa = PBXFileReference; lastKnownFileType = folder.assetcatalog; path = Assets.xcassets; sourceTree = "<group>"; };
		6666581B1DADDAE40031BB7C /* Base */ = {isa = PBXFileReference; lastKnownFileType = file.storyboard; name = Base; path = Base.lproj/LaunchScreen.storyboard; sourceTree = "<group>"; };
		6666581D1DADDAE40031BB7C /* Info.plist */ = {isa = PBXFileReference; lastKnownFileType = text.plist.xml; path = Info.plist; sourceTree = "<group>"; };
		666658281DADDB120031BB7C /* MKAnnotationView+WebCache.h */ = {isa = PBXFileReference; fileEncoding = 4; lastKnownFileType = sourcecode.c.h; path = "MKAnnotationView+WebCache.h"; sourceTree = "<group>"; };
		666658291DADDB120031BB7C /* MKAnnotationView+WebCache.m */ = {isa = PBXFileReference; fileEncoding = 4; lastKnownFileType = sourcecode.c.objc; path = "MKAnnotationView+WebCache.m"; sourceTree = "<group>"; };
		6666582A1DADDB120031BB7C /* NSData+ImageContentType.h */ = {isa = PBXFileReference; fileEncoding = 4; lastKnownFileType = sourcecode.c.h; path = "NSData+ImageContentType.h"; sourceTree = "<group>"; };
		6666582B1DADDB120031BB7C /* NSData+ImageContentType.m */ = {isa = PBXFileReference; fileEncoding = 4; lastKnownFileType = sourcecode.c.objc; path = "NSData+ImageContentType.m"; sourceTree = "<group>"; };
		6666582C1DADDB120031BB7C /* NSImage+WebCache.h */ = {isa = PBXFileReference; fileEncoding = 4; lastKnownFileType = sourcecode.c.h; path = "NSImage+WebCache.h"; sourceTree = "<group>"; };
		6666582D1DADDB120031BB7C /* NSImage+WebCache.m */ = {isa = PBXFileReference; fileEncoding = 4; lastKnownFileType = sourcecode.c.objc; path = "NSImage+WebCache.m"; sourceTree = "<group>"; };
		6666582E1DADDB120031BB7C /* SDImageCache.h */ = {isa = PBXFileReference; fileEncoding = 4; lastKnownFileType = sourcecode.c.h; path = SDImageCache.h; sourceTree = "<group>"; };
		6666582F1DADDB120031BB7C /* SDImageCache.m */ = {isa = PBXFileReference; fileEncoding = 4; lastKnownFileType = sourcecode.c.objc; path = SDImageCache.m; sourceTree = "<group>"; };
		666658301DADDB120031BB7C /* SDImageCacheConfig.h */ = {isa = PBXFileReference; fileEncoding = 4; lastKnownFileType = sourcecode.c.h; path = SDImageCacheConfig.h; sourceTree = "<group>"; };
		666658311DADDB120031BB7C /* SDImageCacheConfig.m */ = {isa = PBXFileReference; fileEncoding = 4; lastKnownFileType = sourcecode.c.objc; path = SDImageCacheConfig.m; sourceTree = "<group>"; };
		666658321DADDB120031BB7C /* SDWebImageCompat.h */ = {isa = PBXFileReference; fileEncoding = 4; lastKnownFileType = sourcecode.c.h; path = SDWebImageCompat.h; sourceTree = "<group>"; };
		666658331DADDB120031BB7C /* SDWebImageCompat.m */ = {isa = PBXFileReference; fileEncoding = 4; lastKnownFileType = sourcecode.c.objc; path = SDWebImageCompat.m; sourceTree = "<group>"; };
		666658341DADDB120031BB7C /* SDWebImageDecoder.h */ = {isa = PBXFileReference; fileEncoding = 4; lastKnownFileType = sourcecode.c.h; path = SDWebImageDecoder.h; sourceTree = "<group>"; };
		666658351DADDB120031BB7C /* SDWebImageDecoder.m */ = {isa = PBXFileReference; fileEncoding = 4; lastKnownFileType = sourcecode.c.objc; path = SDWebImageDecoder.m; sourceTree = "<group>"; };
		666658361DADDB120031BB7C /* SDWebImageDownloader.h */ = {isa = PBXFileReference; fileEncoding = 4; lastKnownFileType = sourcecode.c.h; path = SDWebImageDownloader.h; sourceTree = "<group>"; };
		666658371DADDB120031BB7C /* SDWebImageDownloader.m */ = {isa = PBXFileReference; fileEncoding = 4; lastKnownFileType = sourcecode.c.objc; path = SDWebImageDownloader.m; sourceTree = "<group>"; };
		666658381DADDB120031BB7C /* SDWebImageDownloaderOperation.h */ = {isa = PBXFileReference; fileEncoding = 4; lastKnownFileType = sourcecode.c.h; path = SDWebImageDownloaderOperation.h; sourceTree = "<group>"; };
		666658391DADDB120031BB7C /* SDWebImageDownloaderOperation.m */ = {isa = PBXFileReference; fileEncoding = 4; lastKnownFileType = sourcecode.c.objc; path = SDWebImageDownloaderOperation.m; sourceTree = "<group>"; };
		6666583A1DADDB120031BB7C /* SDWebImageManager.h */ = {isa = PBXFileReference; fileEncoding = 4; lastKnownFileType = sourcecode.c.h; path = SDWebImageManager.h; sourceTree = "<group>"; };
		6666583B1DADDB120031BB7C /* SDWebImageManager.m */ = {isa = PBXFileReference; fileEncoding = 4; lastKnownFileType = sourcecode.c.objc; path = SDWebImageManager.m; sourceTree = "<group>"; };
		6666583C1DADDB120031BB7C /* SDWebImageOperation.h */ = {isa = PBXFileReference; fileEncoding = 4; lastKnownFileType = sourcecode.c.h; path = SDWebImageOperation.h; sourceTree = "<group>"; };
		6666583D1DADDB120031BB7C /* SDWebImagePrefetcher.h */ = {isa = PBXFileReference; fileEncoding = 4; lastKnownFileType = sourcecode.c.h; path = SDWebImagePrefetcher.h; sourceTree = "<group>"; };
		6666583E1DADDB120031BB7C /* SDWebImagePrefetcher.m */ = {isa = PBXFileReference; fileEncoding = 4; lastKnownFileType = sourcecode.c.objc; path = SDWebImagePrefetcher.m; sourceTree = "<group>"; };
		6666583F1DADDB120031BB7C /* UIButton+WebCache.h */ = {isa = PBXFileReference; fileEncoding = 4; lastKnownFileType = sourcecode.c.h; path = "UIButton+WebCache.h"; sourceTree = "<group>"; };
		666658401DADDB120031BB7C /* UIButton+WebCache.m */ = {isa = PBXFileReference; fileEncoding = 4; lastKnownFileType = sourcecode.c.objc; path = "UIButton+WebCache.m"; sourceTree = "<group>"; };
		666658411DADDB120031BB7C /* UIImage+GIF.h */ = {isa = PBXFileReference; fileEncoding = 4; lastKnownFileType = sourcecode.c.h; path = "UIImage+GIF.h"; sourceTree = "<group>"; };
		666658421DADDB120031BB7C /* UIImage+GIF.m */ = {isa = PBXFileReference; fileEncoding = 4; lastKnownFileType = sourcecode.c.objc; path = "UIImage+GIF.m"; sourceTree = "<group>"; };
		666658431DADDB120031BB7C /* UIImage+MultiFormat.h */ = {isa = PBXFileReference; fileEncoding = 4; lastKnownFileType = sourcecode.c.h; path = "UIImage+MultiFormat.h"; sourceTree = "<group>"; };
		666658441DADDB120031BB7C /* UIImage+MultiFormat.m */ = {isa = PBXFileReference; fileEncoding = 4; lastKnownFileType = sourcecode.c.objc; path = "UIImage+MultiFormat.m"; sourceTree = "<group>"; };
		666658451DADDB120031BB7C /* UIImage+WebP.h */ = {isa = PBXFileReference; fileEncoding = 4; lastKnownFileType = sourcecode.c.h; path = "UIImage+WebP.h"; sourceTree = "<group>"; };
		666658461DADDB120031BB7C /* UIImage+WebP.m */ = {isa = PBXFileReference; fileEncoding = 4; lastKnownFileType = sourcecode.c.objc; path = "UIImage+WebP.m"; sourceTree = "<group>"; };
		666658471DADDB120031BB7C /* UIImageView+HighlightedWebCache.h */ = {isa = PBXFileReference; fileEncoding = 4; lastKnownFileType = sourcecode.c.h; path = "UIImageView+HighlightedWebCache.h"; sourceTree = "<group>"; };
		666658481DADDB120031BB7C /* UIImageView+HighlightedWebCache.m */ = {isa = PBXFileReference; fileEncoding = 4; lastKnownFileType = sourcecode.c.objc; path = "UIImageView+HighlightedWebCache.m"; sourceTree = "<group>"; };
		666658491DADDB120031BB7C /* UIImageView+WebCache.h */ = {isa = PBXFileReference; fileEncoding = 4; lastKnownFileType = sourcecode.c.h; path = "UIImageView+WebCache.h"; sourceTree = "<group>"; };
		6666584A1DADDB120031BB7C /* UIImageView+WebCache.m */ = {isa = PBXFileReference; fileEncoding = 4; lastKnownFileType = sourcecode.c.objc; path = "UIImageView+WebCache.m"; sourceTree = "<group>"; };
		6666584B1DADDB120031BB7C /* UIView+WebCache.h */ = {isa = PBXFileReference; fileEncoding = 4; lastKnownFileType = sourcecode.c.h; path = "UIView+WebCache.h"; sourceTree = "<group>"; };
		6666584C1DADDB120031BB7C /* UIView+WebCache.m */ = {isa = PBXFileReference; fileEncoding = 4; lastKnownFileType = sourcecode.c.objc; path = "UIView+WebCache.m"; sourceTree = "<group>"; };
		6666584D1DADDB120031BB7C /* UIView+WebCacheOperation.h */ = {isa = PBXFileReference; fileEncoding = 4; lastKnownFileType = sourcecode.c.h; path = "UIView+WebCacheOperation.h"; sourceTree = "<group>"; };
		6666584E1DADDB120031BB7C /* UIView+WebCacheOperation.m */ = {isa = PBXFileReference; fileEncoding = 4; lastKnownFileType = sourcecode.c.objc; path = "UIView+WebCacheOperation.m"; sourceTree = "<group>"; };
		6666586C1DADE31F0031BB7C /* 8.jpg */ = {isa = PBXFileReference; lastKnownFileType = image.jpeg; path = 8.jpg; sourceTree = "<group>"; };
		667F23DB1DAF174000D7367B /* SuperClass.h */ = {isa = PBXFileReference; fileEncoding = 4; lastKnownFileType = sourcecode.c.h; path = SuperClass.h; sourceTree = "<group>"; };
		667F23DC1DAF174000D7367B /* SuperClass.m */ = {isa = PBXFileReference; fileEncoding = 4; lastKnownFileType = sourcecode.c.objc; path = SuperClass.m; sourceTree = "<group>"; };
		667F23DE1DAF209300D7367B /* Person.h */ = {isa = PBXFileReference; fileEncoding = 4; lastKnownFileType = sourcecode.c.h; path = Person.h; sourceTree = "<group>"; };
		667F23DF1DAF209300D7367B /* Person.m */ = {isa = PBXFileReference; fileEncoding = 4; lastKnownFileType = sourcecode.c.objc; path = Person.m; sourceTree = "<group>"; };
		667F23E11DAF219200D7367B /* Boy.h */ = {isa = PBXFileReference; fileEncoding = 4; lastKnownFileType = sourcecode.c.h; path = Boy.h; sourceTree = "<group>"; };
		667F23E21DAF219200D7367B /* Boy.m */ = {isa = PBXFileReference; fileEncoding = 4; lastKnownFileType = sourcecode.c.objc; path = Boy.m; sourceTree = "<group>"; };
		667F23E61DAF761D00D7367B /* AFHTTPSessionManager.h */ = {isa = PBXFileReference; fileEncoding = 4; lastKnownFileType = sourcecode.c.h; path = AFHTTPSessionManager.h; sourceTree = "<group>"; };
		667F23E71DAF761D00D7367B /* AFHTTPSessionManager.m */ = {isa = PBXFileReference; fileEncoding = 4; lastKnownFileType = sourcecode.c.objc; path = AFHTTPSessionManager.m; sourceTree = "<group>"; };
		667F23E81DAF761D00D7367B /* AFNetworking.h */ = {isa = PBXFileReference; fileEncoding = 4; lastKnownFileType = sourcecode.c.h; path = AFNetworking.h; sourceTree = "<group>"; };
		667F23E91DAF761D00D7367B /* AFNetworkReachabilityManager.h */ = {isa = PBXFileReference; fileEncoding = 4; lastKnownFileType = sourcecode.c.h; path = AFNetworkReachabilityManager.h; sourceTree = "<group>"; };
		667F23EA1DAF761D00D7367B /* AFNetworkReachabilityManager.m */ = {isa = PBXFileReference; fileEncoding = 4; lastKnownFileType = sourcecode.c.objc; path = AFNetworkReachabilityManager.m; sourceTree = "<group>"; };
		667F23EB1DAF761D00D7367B /* AFSecurityPolicy.h */ = {isa = PBXFileReference; fileEncoding = 4; lastKnownFileType = sourcecode.c.h; path = AFSecurityPolicy.h; sourceTree = "<group>"; };
		667F23EC1DAF761D00D7367B /* AFSecurityPolicy.m */ = {isa = PBXFileReference; fileEncoding = 4; lastKnownFileType = sourcecode.c.objc; path = AFSecurityPolicy.m; sourceTree = "<group>"; };
		667F23ED1DAF761D00D7367B /* AFURLRequestSerialization.h */ = {isa = PBXFileReference; fileEncoding = 4; lastKnownFileType = sourcecode.c.h; path = AFURLRequestSerialization.h; sourceTree = "<group>"; };
		667F23EE1DAF761D00D7367B /* AFURLRequestSerialization.m */ = {isa = PBXFileReference; fileEncoding = 4; lastKnownFileType = sourcecode.c.objc; path = AFURLRequestSerialization.m; sourceTree = "<group>"; };
		667F23EF1DAF761D00D7367B /* AFURLResponseSerialization.h */ = {isa = PBXFileReference; fileEncoding = 4; lastKnownFileType = sourcecode.c.h; path = AFURLResponseSerialization.h; sourceTree = "<group>"; };
		667F23F01DAF761D00D7367B /* AFURLResponseSerialization.m */ = {isa = PBXFileReference; fileEncoding = 4; lastKnownFileType = sourcecode.c.objc; path = AFURLResponseSerialization.m; sourceTree = "<group>"; };
		667F23F11DAF761D00D7367B /* AFURLSessionManager.h */ = {isa = PBXFileReference; fileEncoding = 4; lastKnownFileType = sourcecode.c.h; path = AFURLSessionManager.h; sourceTree = "<group>"; };
		667F23F21DAF761D00D7367B /* AFURLSessionManager.m */ = {isa = PBXFileReference; fileEncoding = 4; lastKnownFileType = sourcecode.c.objc; path = AFURLSessionManager.m; sourceTree = "<group>"; };
		667F23F41DAF761D00D7367B /* AFAutoPurgingImageCache.h */ = {isa = PBXFileReference; fileEncoding = 4; lastKnownFileType = sourcecode.c.h; path = AFAutoPurgingImageCache.h; sourceTree = "<group>"; };
		667F23F51DAF761D00D7367B /* AFAutoPurgingImageCache.m */ = {isa = PBXFileReference; fileEncoding = 4; lastKnownFileType = sourcecode.c.objc; path = AFAutoPurgingImageCache.m; sourceTree = "<group>"; };
		667F23F61DAF761D00D7367B /* AFImageDownloader.h */ = {isa = PBXFileReference; fileEncoding = 4; lastKnownFileType = sourcecode.c.h; path = AFImageDownloader.h; sourceTree = "<group>"; };
		667F23F71DAF761D00D7367B /* AFImageDownloader.m */ = {isa = PBXFileReference; fileEncoding = 4; lastKnownFileType = sourcecode.c.objc; path = AFImageDownloader.m; sourceTree = "<group>"; };
		667F23F81DAF761D00D7367B /* AFNetworkActivityIndicatorManager.h */ = {isa = PBXFileReference; fileEncoding = 4; lastKnownFileType = sourcecode.c.h; path = AFNetworkActivityIndicatorManager.h; sourceTree = "<group>"; };
		667F23F91DAF761D00D7367B /* AFNetworkActivityIndicatorManager.m */ = {isa = PBXFileReference; fileEncoding = 4; lastKnownFileType = sourcecode.c.objc; path = AFNetworkActivityIndicatorManager.m; sourceTree = "<group>"; };
		667F23FA1DAF761D00D7367B /* UIActivityIndicatorView+AFNetworking.h */ = {isa = PBXFileReference; fileEncoding = 4; lastKnownFileType = sourcecode.c.h; path = "UIActivityIndicatorView+AFNetworking.h"; sourceTree = "<group>"; };
		667F23FB1DAF761D00D7367B /* UIActivityIndicatorView+AFNetworking.m */ = {isa = PBXFileReference; fileEncoding = 4; lastKnownFileType = sourcecode.c.objc; path = "UIActivityIndicatorView+AFNetworking.m"; sourceTree = "<group>"; };
		667F23FC1DAF761D00D7367B /* UIButton+AFNetworking.h */ = {isa = PBXFileReference; fileEncoding = 4; lastKnownFileType = sourcecode.c.h; path = "UIButton+AFNetworking.h"; sourceTree = "<group>"; };
		667F23FD1DAF761D00D7367B /* UIButton+AFNetworking.m */ = {isa = PBXFileReference; fileEncoding = 4; lastKnownFileType = sourcecode.c.objc; path = "UIButton+AFNetworking.m"; sourceTree = "<group>"; };
		667F23FE1DAF761D00D7367B /* UIImage+AFNetworking.h */ = {isa = PBXFileReference; fileEncoding = 4; lastKnownFileType = sourcecode.c.h; path = "UIImage+AFNetworking.h"; sourceTree = "<group>"; };
		667F23FF1DAF761D00D7367B /* UIImageView+AFNetworking.h */ = {isa = PBXFileReference; fileEncoding = 4; lastKnownFileType = sourcecode.c.h; path = "UIImageView+AFNetworking.h"; sourceTree = "<group>"; };
		667F24001DAF761D00D7367B /* UIImageView+AFNetworking.m */ = {isa = PBXFileReference; fileEncoding = 4; lastKnownFileType = sourcecode.c.objc; path = "UIImageView+AFNetworking.m"; sourceTree = "<group>"; };
		667F24011DAF761D00D7367B /* UIKit+AFNetworking.h */ = {isa = PBXFileReference; fileEncoding = 4; lastKnownFileType = sourcecode.c.h; path = "UIKit+AFNetworking.h"; sourceTree = "<group>"; };
		667F24021DAF761D00D7367B /* UIProgressView+AFNetworking.h */ = {isa = PBXFileReference; fileEncoding = 4; lastKnownFileType = sourcecode.c.h; path = "UIProgressView+AFNetworking.h"; sourceTree = "<group>"; };
		667F24031DAF761D00D7367B /* UIProgressView+AFNetworking.m */ = {isa = PBXFileReference; fileEncoding = 4; lastKnownFileType = sourcecode.c.objc; path = "UIProgressView+AFNetworking.m"; sourceTree = "<group>"; };
		667F24041DAF761D00D7367B /* UIRefreshControl+AFNetworking.h */ = {isa = PBXFileReference; fileEncoding = 4; lastKnownFileType = sourcecode.c.h; path = "UIRefreshControl+AFNetworking.h"; sourceTree = "<group>"; };
		667F24051DAF761D00D7367B /* UIRefreshControl+AFNetworking.m */ = {isa = PBXFileReference; fileEncoding = 4; lastKnownFileType = sourcecode.c.objc; path = "UIRefreshControl+AFNetworking.m"; sourceTree = "<group>"; };
		667F24061DAF761D00D7367B /* UIWebView+AFNetworking.h */ = {isa = PBXFileReference; fileEncoding = 4; lastKnownFileType = sourcecode.c.h; path = "UIWebView+AFNetworking.h"; sourceTree = "<group>"; };
		667F24071DAF761D00D7367B /* UIWebView+AFNetworking.m */ = {isa = PBXFileReference; fileEncoding = 4; lastKnownFileType = sourcecode.c.objc; path = "UIWebView+AFNetworking.m"; sourceTree = "<group>"; };
/* End PBXFileReference section */

/* Begin PBXFrameworksBuildPhase section */
		666658061DADDAE40031BB7C /* Frameworks */ = {
			isa = PBXFrameworksBuildPhase;
			buildActionMask = 2147483647;
			files = (
			);
			runOnlyForDeploymentPostprocessing = 0;
		};
/* End PBXFrameworksBuildPhase section */

/* Begin PBXGroup section */
		666658001DADDAE40031BB7C = {
			isa = PBXGroup;
			children = (
				6666580B1DADDAE40031BB7C /* SourceCode */,
				6666580A1DADDAE40031BB7C /* Products */,
			);
			sourceTree = "<group>";
		};
		6666580A1DADDAE40031BB7C /* Products */ = {
			isa = PBXGroup;
			children = (
				666658091DADDAE40031BB7C /* SourceCode.app */,
			);
			name = Products;
			sourceTree = "<group>";
		};
		6666580B1DADDAE40031BB7C /* SourceCode */ = {
			isa = PBXGroup;
			children = (
				6617C1AE1DC198DD0030CCDD /* light.jpg */,
				6666586C1DADE31F0031BB7C /* 8.jpg */,
				666658231DADDAED0031BB7C /* libs */,
				6666580F1DADDAE40031BB7C /* AppDelegate.h */,
				666658101DADDAE40031BB7C /* AppDelegate.m */,
				666658121DADDAE40031BB7C /* ViewController.h */,
				666658131DADDAE40031BB7C /* ViewController.m */,
				667F23DB1DAF174000D7367B /* SuperClass.h */,
				667F23DC1DAF174000D7367B /* SuperClass.m */,
				667F23DE1DAF209300D7367B /* Person.h */,
				667F23DF1DAF209300D7367B /* Person.m */,
				667F23E11DAF219200D7367B /* Boy.h */,
				667F23E21DAF219200D7367B /* Boy.m */,
				666658151DADDAE40031BB7C /* Main.storyboard */,
				666658181DADDAE40031BB7C /* Assets.xcassets */,
				6666581A1DADDAE40031BB7C /* LaunchScreen.storyboard */,
				6666581D1DADDAE40031BB7C /* Info.plist */,
				6666580C1DADDAE40031BB7C /* Supporting Files */,
			);
			path = SourceCode;
			sourceTree = "<group>";
		};
		6666580C1DADDAE40031BB7C /* Supporting Files */ = {
			isa = PBXGroup;
			children = (
				6666580D1DADDAE40031BB7C /* main.m */,
			);
			name = "Supporting Files";
			sourceTree = "<group>";
		};
		666658231DADDAED0031BB7C /* libs */ = {
			isa = PBXGroup;
			children = (
				667F23E41DAF75F500D7367B /* AFNetwork */,
				666658241DADDB120031BB7C /* SDWebImage */,
			);
			path = libs;
			sourceTree = "<group>";
		};
		666658241DADDB120031BB7C /* SDWebImage */ = {
			isa = PBXGroup;
			children = (
				666658281DADDB120031BB7C /* MKAnnotationView+WebCache.h */,
				666658291DADDB120031BB7C /* MKAnnotationView+WebCache.m */,
				6666582A1DADDB120031BB7C /* NSData+ImageContentType.h */,
				6666582B1DADDB120031BB7C /* NSData+ImageContentType.m */,
				6666582C1DADDB120031BB7C /* NSImage+WebCache.h */,
				6666582D1DADDB120031BB7C /* NSImage+WebCache.m */,
				6666582E1DADDB120031BB7C /* SDImageCache.h */,
				6666582F1DADDB120031BB7C /* SDImageCache.m */,
				666658301DADDB120031BB7C /* SDImageCacheConfig.h */,
				666658311DADDB120031BB7C /* SDImageCacheConfig.m */,
				666658321DADDB120031BB7C /* SDWebImageCompat.h */,
				666658331DADDB120031BB7C /* SDWebImageCompat.m */,
				666658341DADDB120031BB7C /* SDWebImageDecoder.h */,
				666658351DADDB120031BB7C /* SDWebImageDecoder.m */,
				666658361DADDB120031BB7C /* SDWebImageDownloader.h */,
				666658371DADDB120031BB7C /* SDWebImageDownloader.m */,
				666658381DADDB120031BB7C /* SDWebImageDownloaderOperation.h */,
				666658391DADDB120031BB7C /* SDWebImageDownloaderOperation.m */,
				6666583A1DADDB120031BB7C /* SDWebImageManager.h */,
				6666583B1DADDB120031BB7C /* SDWebImageManager.m */,
				6666583C1DADDB120031BB7C /* SDWebImageOperation.h */,
				6666583D1DADDB120031BB7C /* SDWebImagePrefetcher.h */,
				6666583E1DADDB120031BB7C /* SDWebImagePrefetcher.m */,
				6666583F1DADDB120031BB7C /* UIButton+WebCache.h */,
				666658401DADDB120031BB7C /* UIButton+WebCache.m */,
				666658411DADDB120031BB7C /* UIImage+GIF.h */,
				666658421DADDB120031BB7C /* UIImage+GIF.m */,
				666658431DADDB120031BB7C /* UIImage+MultiFormat.h */,
				666658441DADDB120031BB7C /* UIImage+MultiFormat.m */,
				666658451DADDB120031BB7C /* UIImage+WebP.h */,
				666658461DADDB120031BB7C /* UIImage+WebP.m */,
				666658471DADDB120031BB7C /* UIImageView+HighlightedWebCache.h */,
				666658481DADDB120031BB7C /* UIImageView+HighlightedWebCache.m */,
				666658491DADDB120031BB7C /* UIImageView+WebCache.h */,
				6666584A1DADDB120031BB7C /* UIImageView+WebCache.m */,
				6666584B1DADDB120031BB7C /* UIView+WebCache.h */,
				6666584C1DADDB120031BB7C /* UIView+WebCache.m */,
				6666584D1DADDB120031BB7C /* UIView+WebCacheOperation.h */,
				6666584E1DADDB120031BB7C /* UIView+WebCacheOperation.m */,
			);
			path = SDWebImage;
			sourceTree = "<group>";
		};
		667F23E41DAF75F500D7367B /* AFNetwork */ = {
			isa = PBXGroup;
			children = (
				667F23E51DAF761D00D7367B /* AFNetworking */,
				667F23F31DAF761D00D7367B /* UIKit+AFNetworking */,
			);
			path = AFNetwork;
			sourceTree = "<group>";
		};
		667F23E51DAF761D00D7367B /* AFNetworking */ = {
			isa = PBXGroup;
			children = (
				667F23E61DAF761D00D7367B /* AFHTTPSessionManager.h */,
				667F23E71DAF761D00D7367B /* AFHTTPSessionManager.m */,
				667F23E81DAF761D00D7367B /* AFNetworking.h */,
				667F23E91DAF761D00D7367B /* AFNetworkReachabilityManager.h */,
				667F23EA1DAF761D00D7367B /* AFNetworkReachabilityManager.m */,
				667F23EB1DAF761D00D7367B /* AFSecurityPolicy.h */,
				667F23EC1DAF761D00D7367B /* AFSecurityPolicy.m */,
				667F23ED1DAF761D00D7367B /* AFURLRequestSerialization.h */,
				667F23EE1DAF761D00D7367B /* AFURLRequestSerialization.m */,
				667F23EF1DAF761D00D7367B /* AFURLResponseSerialization.h */,
				667F23F01DAF761D00D7367B /* AFURLResponseSerialization.m */,
				667F23F11DAF761D00D7367B /* AFURLSessionManager.h */,
				667F23F21DAF761D00D7367B /* AFURLSessionManager.m */,
			);
			path = AFNetworking;
			sourceTree = "<group>";
		};
		667F23F31DAF761D00D7367B /* UIKit+AFNetworking */ = {
			isa = PBXGroup;
			children = (
				667F23F41DAF761D00D7367B /* AFAutoPurgingImageCache.h */,
				667F23F51DAF761D00D7367B /* AFAutoPurgingImageCache.m */,
				667F23F61DAF761D00D7367B /* AFImageDownloader.h */,
				667F23F71DAF761D00D7367B /* AFImageDownloader.m */,
				667F23F81DAF761D00D7367B /* AFNetworkActivityIndicatorManager.h */,
				667F23F91DAF761D00D7367B /* AFNetworkActivityIndicatorManager.m */,
				667F23FA1DAF761D00D7367B /* UIActivityIndicatorView+AFNetworking.h */,
				667F23FB1DAF761D00D7367B /* UIActivityIndicatorView+AFNetworking.m */,
				667F23FC1DAF761D00D7367B /* UIButton+AFNetworking.h */,
				667F23FD1DAF761D00D7367B /* UIButton+AFNetworking.m */,
				667F23FE1DAF761D00D7367B /* UIImage+AFNetworking.h */,
				667F23FF1DAF761D00D7367B /* UIImageView+AFNetworking.h */,
				667F24001DAF761D00D7367B /* UIImageView+AFNetworking.m */,
				667F24011DAF761D00D7367B /* UIKit+AFNetworking.h */,
				667F24021DAF761D00D7367B /* UIProgressView+AFNetworking.h */,
				667F24031DAF761D00D7367B /* UIProgressView+AFNetworking.m */,
				667F24041DAF761D00D7367B /* UIRefreshControl+AFNetworking.h */,
				667F24051DAF761D00D7367B /* UIRefreshControl+AFNetworking.m */,
				667F24061DAF761D00D7367B /* UIWebView+AFNetworking.h */,
				667F24071DAF761D00D7367B /* UIWebView+AFNetworking.m */,
			);
			path = "UIKit+AFNetworking";
			sourceTree = "<group>";
		};
/* End PBXGroup section */

/* Begin PBXNativeTarget section */
		666658081DADDAE40031BB7C /* SourceCode */ = {
			isa = PBXNativeTarget;
			buildConfigurationList = 666658201DADDAE40031BB7C /* Build configuration list for PBXNativeTarget "SourceCode" */;
			buildPhases = (
				666658051DADDAE40031BB7C /* Sources */,
				666658061DADDAE40031BB7C /* Frameworks */,
				666658071DADDAE40031BB7C /* Resources */,
			);
			buildRules = (
			);
			dependencies = (
			);
			name = SourceCode;
			productName = SourceCode;
			productReference = 666658091DADDAE40031BB7C /* SourceCode.app */;
			productType = "com.apple.product-type.application";
		};
/* End PBXNativeTarget section */

/* Begin PBXProject section */
		666658011DADDAE40031BB7C /* Project object */ = {
			isa = PBXProject;
			attributes = {
				CLASSPREFIX = LL;
				LastUpgradeCheck = 0800;
				ORGANIZATIONNAME = FOODING;
				TargetAttributes = {
					666658081DADDAE40031BB7C = {
						CreatedOnToolsVersion = 8.0;
						DevelopmentTeam = 86ZKR6M3Y3;
						ProvisioningStyle = Automatic;
						SystemCapabilities = {
							com.apple.BackgroundModes = {
								enabled = 1;
							};
						};
					};
				};
			};
			buildConfigurationList = 666658041DADDAE40031BB7C /* Build configuration list for PBXProject "SourceCode" */;
			compatibilityVersion = "Xcode 3.2";
			developmentRegion = English;
			hasScannedForEncodings = 0;
			knownRegions = (
				en,
				Base,
			);
			mainGroup = 666658001DADDAE40031BB7C;
			productRefGroup = 6666580A1DADDAE40031BB7C /* Products */;
			projectDirPath = "";
			projectRoot = "";
			targets = (
				666658081DADDAE40031BB7C /* SourceCode */,
			);
		};
/* End PBXProject section */

/* Begin PBXResourcesBuildPhase section */
		666658071DADDAE40031BB7C /* Resources */ = {
			isa = PBXResourcesBuildPhase;
			buildActionMask = 2147483647;
			files = (
				6617C1AF1DC198DD0030CCDD /* light.jpg in Resources */,
				6666586D1DADE31F0031BB7C /* 8.jpg in Resources */,
				6666581C1DADDAE40031BB7C /* LaunchScreen.storyboard in Resources */,
				666658191DADDAE40031BB7C /* Assets.xcassets in Resources */,
				666658171DADDAE40031BB7C /* Main.storyboard in Resources */,
			);
			runOnlyForDeploymentPostprocessing = 0;
		};
/* End PBXResourcesBuildPhase section */

/* Begin PBXSourcesBuildPhase section */
		666658051DADDAE40031BB7C /* Sources */ = {
			isa = PBXSourcesBuildPhase;
			buildActionMask = 2147483647;
			files = (
				667F24141DAF761D00D7367B /* UIProgressView+AFNetworking.m in Sources */,
				667F240A1DAF761D00D7367B /* AFSecurityPolicy.m in Sources */,
				666658611DADDB120031BB7C /* UIView+WebCache.m in Sources */,
				667F24121DAF761D00D7367B /* UIButton+AFNetworking.m in Sources */,
				666658141DADDAE40031BB7C /* ViewController.m in Sources */,
				666658591DADDB120031BB7C /* SDWebImageManager.m in Sources */,
				667F240C1DAF761D00D7367B /* AFURLResponseSerialization.m in Sources */,
				666658541DADDB120031BB7C /* SDImageCacheConfig.m in Sources */,
				667F24111DAF761D00D7367B /* UIActivityIndicatorView+AFNetworking.m in Sources */,
				666658581DADDB120031BB7C /* SDWebImageDownloaderOperation.m in Sources */,
				667F240E1DAF761D00D7367B /* AFAutoPurgingImageCache.m in Sources */,
				666658521DADDB120031BB7C /* NSImage+WebCache.m in Sources */,
				667F24161DAF761D00D7367B /* UIWebView+AFNetworking.m in Sources */,
				6666585B1DADDB120031BB7C /* UIButton+WebCache.m in Sources */,
				667F24131DAF761D00D7367B /* UIImageView+AFNetworking.m in Sources */,
				666658621DADDB120031BB7C /* UIView+WebCacheOperation.m in Sources */,
				6666585A1DADDB120031BB7C /* SDWebImagePrefetcher.m in Sources */,
				666658571DADDB120031BB7C /* SDWebImageDownloader.m in Sources */,
				666658111DADDAE40031BB7C /* AppDelegate.m in Sources */,
				667F240D1DAF761D00D7367B /* AFURLSessionManager.m in Sources */,
				6666585E1DADDB120031BB7C /* UIImage+WebP.m in Sources */,
				667F24151DAF761D00D7367B /* UIRefreshControl+AFNetworking.m in Sources */,
				666658601DADDB120031BB7C /* UIImageView+WebCache.m in Sources */,
				666658561DADDB120031BB7C /* SDWebImageDecoder.m in Sources */,
				666658501DADDB120031BB7C /* MKAnnotationView+WebCache.m in Sources */,
				666658511DADDB120031BB7C /* NSData+ImageContentType.m in Sources */,
				666658551DADDB120031BB7C /* SDWebImageCompat.m in Sources */,
				6666580E1DADDAE40031BB7C /* main.m in Sources */,
				667F240B1DAF761D00D7367B /* AFURLRequestSerialization.m in Sources */,
				667F23E01DAF209300D7367B /* Person.m in Sources */,
				667F24101DAF761D00D7367B /* AFNetworkActivityIndicatorManager.m in Sources */,
				667F24091DAF761D00D7367B /* AFNetworkReachabilityManager.m in Sources */,
				667F23E31DAF219200D7367B /* Boy.m in Sources */,
				667F23DD1DAF174000D7367B /* SuperClass.m in Sources */,
				666658531DADDB120031BB7C /* SDImageCache.m in Sources */,
				6666585D1DADDB120031BB7C /* UIImage+MultiFormat.m in Sources */,
				6666585F1DADDB120031BB7C /* UIImageView+HighlightedWebCache.m in Sources */,
				6666585C1DADDB120031BB7C /* UIImage+GIF.m in Sources */,
				667F24081DAF761D00D7367B /* AFHTTPSessionManager.m in Sources */,
				667F240F1DAF761D00D7367B /* AFImageDownloader.m in Sources */,
			);
			runOnlyForDeploymentPostprocessing = 0;
		};
/* End PBXSourcesBuildPhase section */

/* Begin PBXVariantGroup section */
		666658151DADDAE40031BB7C /* Main.storyboard */ = {
			isa = PBXVariantGroup;
			children = (
				666658161DADDAE40031BB7C /* Base */,
			);
			name = Main.storyboard;
			sourceTree = "<group>";
		};
		6666581A1DADDAE40031BB7C /* LaunchScreen.storyboard */ = {
			isa = PBXVariantGroup;
			children = (
				6666581B1DADDAE40031BB7C /* Base */,
			);
			name = LaunchScreen.storyboard;
			sourceTree = "<group>";
		};
/* End PBXVariantGroup section */

/* Begin XCBuildConfiguration section */
		6666581E1DADDAE40031BB7C /* Debug */ = {
			isa = XCBuildConfiguration;
			buildSettings = {
				ALWAYS_SEARCH_USER_PATHS = NO;
				CLANG_ANALYZER_NONNULL = YES;
				CLANG_CXX_LANGUAGE_STANDARD = "gnu++0x";
				CLANG_CXX_LIBRARY = "libc++";
				CLANG_ENABLE_MODULES = YES;
				CLANG_ENABLE_OBJC_ARC = YES;
				CLANG_WARN_BOOL_CONVERSION = YES;
				CLANG_WARN_CONSTANT_CONVERSION = YES;
				CLANG_WARN_DIRECT_OBJC_ISA_USAGE = YES_ERROR;
				CLANG_WARN_DOCUMENTATION_COMMENTS = YES;
				CLANG_WARN_EMPTY_BODY = YES;
				CLANG_WARN_ENUM_CONVERSION = YES;
				CLANG_WARN_INFINITE_RECURSION = YES;
				CLANG_WARN_INT_CONVERSION = YES;
				CLANG_WARN_OBJC_ROOT_CLASS = YES_ERROR;
				CLANG_WARN_SUSPICIOUS_MOVES = YES;
				CLANG_WARN_UNREACHABLE_CODE = YES;
				CLANG_WARN__DUPLICATE_METHOD_MATCH = YES;
				"CODE_SIGN_IDENTITY[sdk=iphoneos*]" = "iPhone Developer";
				COPY_PHASE_STRIP = NO;
				DEBUG_INFORMATION_FORMAT = dwarf;
				ENABLE_STRICT_OBJC_MSGSEND = YES;
				ENABLE_TESTABILITY = YES;
				GCC_C_LANGUAGE_STANDARD = gnu99;
				GCC_DYNAMIC_NO_PIC = NO;
				GCC_NO_COMMON_BLOCKS = YES;
				GCC_OPTIMIZATION_LEVEL = 0;
				GCC_PREPROCESSOR_DEFINITIONS = (
					"DEBUG=1",
					"$(inherited)",
				);
				GCC_WARN_64_TO_32_BIT_CONVERSION = YES;
				GCC_WARN_ABOUT_RETURN_TYPE = YES_ERROR;
				GCC_WARN_UNDECLARED_SELECTOR = YES;
				GCC_WARN_UNINITIALIZED_AUTOS = YES_AGGRESSIVE;
				GCC_WARN_UNUSED_FUNCTION = YES;
				GCC_WARN_UNUSED_VARIABLE = YES;
				IPHONEOS_DEPLOYMENT_TARGET = 10.0;
				MTL_ENABLE_DEBUG_INFO = YES;
				ONLY_ACTIVE_ARCH = YES;
				SDKROOT = iphoneos;
				TARGETED_DEVICE_FAMILY = "1,2";
			};
			name = Debug;
		};
		6666581F1DADDAE40031BB7C /* Release */ = {
			isa = XCBuildConfiguration;
			buildSettings = {
				ALWAYS_SEARCH_USER_PATHS = NO;
				CLANG_ANALYZER_NONNULL = YES;
				CLANG_CXX_LANGUAGE_STANDARD = "gnu++0x";
				CLANG_CXX_LIBRARY = "libc++";
				CLANG_ENABLE_MODULES = YES;
				CLANG_ENABLE_OBJC_ARC = YES;
				CLANG_WARN_BOOL_CONVERSION = YES;
				CLANG_WARN_CONSTANT_CONVERSION = YES;
				CLANG_WARN_DIRECT_OBJC_ISA_USAGE = YES_ERROR;
				CLANG_WARN_DOCUMENTATION_COMMENTS = YES;
				CLANG_WARN_EMPTY_BODY = YES;
				CLANG_WARN_ENUM_CONVERSION = YES;
				CLANG_WARN_INFINITE_RECURSION = YES;
				CLANG_WARN_INT_CONVERSION = YES;
				CLANG_WARN_OBJC_ROOT_CLASS = YES_ERROR;
				CLANG_WARN_SUSPICIOUS_MOVES = YES;
				CLANG_WARN_UNREACHABLE_CODE = YES;
				CLANG_WARN__DUPLICATE_METHOD_MATCH = YES;
				"CODE_SIGN_IDENTITY[sdk=iphoneos*]" = "iPhone Developer";
				COPY_PHASE_STRIP = NO;
				DEBUG_INFORMATION_FORMAT = "dwarf-with-dsym";
				ENABLE_NS_ASSERTIONS = NO;
				ENABLE_STRICT_OBJC_MSGSEND = YES;
				GCC_C_LANGUAGE_STANDARD = gnu99;
				GCC_NO_COMMON_BLOCKS = YES;
				GCC_WARN_64_TO_32_BIT_CONVERSION = YES;
				GCC_WARN_ABOUT_RETURN_TYPE = YES_ERROR;
				GCC_WARN_UNDECLARED_SELECTOR = YES;
				GCC_WARN_UNINITIALIZED_AUTOS = YES_AGGRESSIVE;
				GCC_WARN_UNUSED_FUNCTION = YES;
				GCC_WARN_UNUSED_VARIABLE = YES;
				IPHONEOS_DEPLOYMENT_TARGET = 10.0;
				MTL_ENABLE_DEBUG_INFO = NO;
				SDKROOT = iphoneos;
				TARGETED_DEVICE_FAMILY = "1,2";
				VALIDATE_PRODUCT = YES;
			};
			name = Release;
		};
		666658211DADDAE40031BB7C /* Debug */ = {
			isa = XCBuildConfiguration;
			buildSettings = {
				ASSETCATALOG_COMPILER_APPICON_NAME = AppIcon;
				CODE_SIGN_IDENTITY = "iPhone Developer";
				DEVELOPMENT_TEAM = 86ZKR6M3Y3;
				INFOPLIST_FILE = SourceCode/Info.plist;
				LD_RUNPATH_SEARCH_PATHS = "$(inherited) @executable_path/Frameworks";
				PRODUCT_BUNDLE_IDENTIFIER = FOODING.SourceCode;
				PRODUCT_NAME = "$(TARGET_NAME)";
			};
			name = Debug;
		};
		666658221DADDAE40031BB7C /* Release */ = {
			isa = XCBuildConfiguration;
			buildSettings = {
				ASSETCATALOG_COMPILER_APPICON_NAME = AppIcon;
				CODE_SIGN_IDENTITY = "iPhone Developer";
				DEVELOPMENT_TEAM = 86ZKR6M3Y3;
				INFOPLIST_FILE = SourceCode/Info.plist;
				LD_RUNPATH_SEARCH_PATHS = "$(inherited) @executable_path/Frameworks";
				PRODUCT_BUNDLE_IDENTIFIER = FOODING.SourceCode;
				PRODUCT_NAME = "$(TARGET_NAME)";
			};
			name = Release;
		};
/* End XCBuildConfiguration section */

/* Begin XCConfigurationList section */
		666658041DADDAE40031BB7C /* Build configuration list for PBXProject "SourceCode" */ = {
			isa = XCConfigurationList;
			buildConfigurations = (
				6666581E1DADDAE40031BB7C /* Debug */,
				6666581F1DADDAE40031BB7C /* Release */,
			);
			defaultConfigurationIsVisible = 0;
			defaultConfigurationName = Release;
		};
		666658201DADDAE40031BB7C /* Build configuration list for PBXNativeTarget "SourceCode" */ = {
			isa = XCConfigurationList;
			buildConfigurations = (
				666658211DADDAE40031BB7C /* Debug */,
				666658221DADDAE40031BB7C /* Release */,
			);
			defaultConfigurationIsVisible = 0;
			defaultConfigurationName = Release;
		};
/* End XCConfigurationList section */
	};
	rootObject = 666658011DADDAE40031BB7C /* Project object */;
}
